
Microsoft Visual Studio Solution File, Format Version 12.00
# Visual Studio Version 17
VisualStudioVersion = 17.2.32526.322
MinimumVisualStudioVersion = 10.0.40219.1
Project("{FAE04EC0-301F-11D3-BF4B-00C04F79EFBC}") = "Listing01_03", "Listing01_03.csproj", "{6AFDA715-202A-41A9-B928-CD635CA0D48D}"
EndProject
Project("{FAE04EC0-301F-11D3-BF4B-00C04F79EFBC}") = "Консольный ввод", "..\Консольный ввод\Консольный ввод.csproj", "{FE0EB7B2-B784-4C21-847D-EF8673976102}"
EndProject
Project("{FAE04EC0-301F-11D3-BF4B-00C04F79EFBC}") = "проверка числа на четность нечетность", "..\проверка числа на четность нечетность\проверка числа на четность нечетность.csproj", "{6C3A28FF-5ECF-44FB-9178-A6C32404E74A}"
EndProject
Project("{FAE04EC0-301F-11D3-BF4B-00C04F79EFBC}") = "TryCatchDemo", "..\TryCatchDemo\TryCatchDemo.csproj", "{01EF3BF1-E38F-42E4-915D-CE4958CDD8B3}"
EndProject
Project("{FAE04EC0-301F-11D3-BF4B-00C04F79EFBC}") = "самостоятельная работа массивы", "..\самостоятельная работа массивы\самостоятельная работа массивы.csproj", "{90E9252D-2FA5-45AC-AA11-A9B7FAC830CC}"
EndProject
Project("{FAE04EC0-301F-11D3-BF4B-00C04F79EFBC}") = "статические методы", "..\статические методы\статические методы.csproj", "{3C8B4FB0-0A3D-4A1B-A1DB-13096F2054A5}"
EndProject
Project("{FAE04EC0-301F-11D3-BF4B-00C04F79EFBC}") = "закрытые члены класса и перегрузка методов", "..\закрытые члены класса и перегрузка методов\закрытые члены класса и перегрузка методов.csproj", "{3A53D0B2-5046-4FF9-B17A-D1F97E45EE54}"
EndProject
Project("{FAE04EC0-301F-11D3-BF4B-00C04F79EFBC}") = "использование деструктора", "..\использование деструктора\использование деструктора.csproj", "{975C5A2A-1F7F-46F3-8353-60ED73BBE903}"
EndProject
Project("{FAE04EC0-301F-11D3-BF4B-00C04F79EFBC}") = "Статические поля и методы", "..\Статические поля и методы\Статические поля и методы.csproj", "{157E5122-9676-495F-96D1-83D98291E0FF}"
EndProject
Project("{FAE04EC0-301F-11D3-BF4B-00C04F79EFBC}") = "8.4 знакомство с перегрузкой операторов сравнения", "..\8.4 знакомство с перегрузкой операторов сравнения\8.4 знакомство с перегрузкой операторов сравнения.csproj", "{2A85E3D0-A8BE-45CD-8926-7DD9501889B3}"
EndProject
Project("{FAE04EC0-301F-11D3-BF4B-00C04F79EFBC}") = "8.5 перегрузка нескольких операторов сравнения", "..\8.5 перегрузка нескольких операторов сравнения\8.5 перегрузка нескольких операторов сравнения.csproj", "{4CB958E1-21BF-427B-98F3-79439388FE9E}"
EndProject
Project("{FAE04EC0-301F-11D3-BF4B-00C04F79EFBC}") = "8.6 перегрузка операторов равно и не равно", "..\8.6 перегрузка операторов равно и не равно\8.6 перегрузка операторов равно и не равно.csproj", "{3119C2FF-4504-477F-AC12-03D3A2A79810}"
EndProject
Project("{FAE04EC0-301F-11D3-BF4B-00C04F79EFBC}") = "8.7 перегрузка операторов сравнения и переопределение методов", "..\8.7 перегрузка операторов сравнения и переопределение методов\8.7 перегрузка операторов сравнения и переопределение методов.csproj", "{8101934B-CED6-48A8-9E01-2BE0B76D9323}"
EndProject
Project("{FAE04EC0-301F-11D3-BF4B-00C04F79EFBC}") = "8.8 перегрузка операторов true и false", "..\8.8 перегрузка операторов true и false\8.8 перегрузка операторов true и false.csproj", "{3C3585CF-8992-4941-B82B-018CB54FDB8E}"
EndProject
Project("{FAE04EC0-301F-11D3-BF4B-00C04F79EFBC}") = "8.10 перегрузка операторов приведения типа", "..\8.10 перегрузка операторов приведения типа\8.10 перегрузка операторов приведения типа.csproj", "{89EC2246-F362-4F8B-A9BF-36F3AD1782A6}"
EndProject
Project("{FAE04EC0-301F-11D3-BF4B-00C04F79EFBC}") = "8.11 операции присваивания и перегрузка операторов", "..\8.11 операции присваивания и перегрузка операторов\8.11 операции присваивания и перегрузка операторов.csproj", "{7C36F258-7FDC-4B7E-9CE5-8035E4CC2962}"
EndProject
Project("{FAE04EC0-301F-11D3-BF4B-00C04F79EFBC}") = "9.1 Знакомство со свойствами", "..\9.1 Знакомство со свойствами\9.1 Знакомство со свойствами.csproj", "{04C242B7-C7D0-4DF9-B3B8-6F653F124FC3}"
EndProject
Project("{FAE04EC0-301F-11D3-BF4B-00C04F79EFBC}") = "9.2 использование свойства", "..\9.2 использование свойства\9.2 использование свойства.csproj", "{3437584F-6CFE-4FC8-BEF7-948042D5A2A5}"
EndProject
Project("{FAE04EC0-301F-11D3-BF4B-00C04F79EFBC}") = "9.3 Свойство без set-аксессора", "..\9.3 Свойство без set-аксессора\9.3 Свойство без set-аксессора.csproj", "{D63EF9D5-8762-471C-8E2B-9D1856A1D814}"
EndProject
Project("{FAE04EC0-301F-11D3-BF4B-00C04F79EFBC}") = "9.4 Свойство без get-аксессора", "..\9.4 Свойство без get-аксессора\9.4 Свойство без get-аксессора.csproj", "{0071838E-D563-4628-B5DC-28097C9267DD}"
EndProject
Project("{FAE04EC0-301F-11D3-BF4B-00C04F79EFBC}") = "9.5 Использование различных свойств", "..\9.5 Использование различных свойств\9.5 Использование различных свойств.csproj", "{9E7084C7-B6ED-4782-9BE2-E43F9AFFF03E}"
EndProject
Project("{FAE04EC0-301F-11D3-BF4B-00C04F79EFBC}") = "9.6 статическое свойство", "..\9.6 статическое свойство\9.6 статическое свойство.csproj", "{A8454C81-7925-4DA1-A005-7866CBC3FF6C}"
EndProject
Project("{FAE04EC0-301F-11D3-BF4B-00C04F79EFBC}") = "9.7 знакомство с индексаторами", "..\9.7 знакомство с индексаторами\9.7 знакомство с индексаторами.csproj", "{0D0FD470-3EB7-410C-B3FD-9B48BB9D0A5B}"
EndProject
Project("{FAE04EC0-301F-11D3-BF4B-00C04F79EFBC}") = "9.8 использование индексаторов", "..\9.8 использование индексаторов\9.8 использование индексаторов.csproj", "{2F73D925-03E6-4010-8443-387E28FAA2A3}"
EndProject
Project("{FAE04EC0-301F-11D3-BF4B-00C04F79EFBC}") = "9.9 индексатор без set-аксессора", "..\9.9 индексатор без set-аксессора\9.9 индексатор без set-аксессора.csproj", "{F2E5135D-FB69-4D55-9783-41C31D256C1D}"
EndProject
Project("{FAE04EC0-301F-11D3-BF4B-00C04F79EFBC}") = "9.10 индексатор без get-аксессора", "..\9.10 индексатор без get-аксессора\9.10 индексатор без get-аксессора.csproj", "{51667771-FC70-4779-8654-CCA184B7EBEB}"
EndProject
Project("{FAE04EC0-301F-11D3-BF4B-00C04F79EFBC}") = "9.11 идексатор с нечисловым индексом", "..\9.11 идексатор с нечисловым индексом\9.11 идексатор с нечисловым индексом.csproj", "{7A0C46D0-B095-4507-A64C-9D094C3B08A0}"
EndProject
Project("{FAE04EC0-301F-11D3-BF4B-00C04F79EFBC}") = "9.12 знакомство с двумерными индексаторами", "..\9.12 знакомство с двумерными индексаторами\9.12 знакомство с двумерными индексаторами.csproj", "{2B108271-9556-4F38-B9AE-9DA09A8FD4A9}"
EndProject
Project("{FAE04EC0-301F-11D3-BF4B-00C04F79EFBC}") = "9.13 использование двумерного индексатора", "..\9.13 использование двумерного индексатора\9.13 использование двумерного индексатора.csproj", "{D8DCE73E-AC33-43A5-A56A-7A910A997E67}"
EndProject
Project("{FAE04EC0-301F-11D3-BF4B-00C04F79EFBC}") = "9.14 многомерные индексаторы", "..\9.14 многомерные индексаторы\9.14 многомерные индексаторы.csproj", "{67649C59-3434-43B0-972D-0C05F1363265}"
EndProject
Project("{FAE04EC0-301F-11D3-BF4B-00C04F79EFBC}") = "9.15 перегрузка индексаторов", "..\9.15 перегрузка индексаторов\9.15 перегрузка индексаторов.csproj", "{CF323700-6F65-4E03-BBC0-8BFCDBB72B02}"
EndProject
Project("{FAE04EC0-301F-11D3-BF4B-00C04F79EFBC}") = "10.1 Знакомство с наследованием", "..\10.1 Знакомство с наследованием\10.1 Знакомство с наследованием.csproj", "{78F3DEB2-9A13-44B5-962F-136BDAAFF08A}"
EndProject
Project("{FAE04EC0-301F-11D3-BF4B-00C04F79EFBC}") = "10.2 Наследование и уровни доступа", "..\10.2 Наследование и уровни доступа\10.2 Наследование и уровни доступа.csproj", "{0C43A33B-0FE0-42A8-AB26-3B81A3881973}"
EndProject
Project("{FAE04EC0-301F-11D3-BF4B-00C04F79EFBC}") = "10.3 конструктор производного класса", "..\10.3 конструктор производного класса\10.3 конструктор производного класса.csproj", "{7C99DB60-4D08-41FF-9E76-EFC6DE86A147}"
EndProject
Project("{FAE04EC0-301F-11D3-BF4B-00C04F79EFBC}") = "10.4 Конструкторы и деструкторы при многоуровневом наследовании", "..\10.4 Конструкторы и деструкторы при многоуровневом наследовании\10.4 Конструкторы и деструкторы при многоуровневом наследовании.csproj", "{86DB7551-30EA-4FB7-B127-B799DC7B11E6}"
EndProject
Project("{FAE04EC0-301F-11D3-BF4B-00C04F79EFBC}") = "10.5 объектная переменная базового класса", "..\10.5 объектная переменная базового класса\10.5 объектная переменная базового класса.csproj", "{E1B3B5B8-BD89-496B-8A79-625E536E4DC1}"
EndProject
Project("{FAE04EC0-301F-11D3-BF4B-00C04F79EFBC}") = "10.6 замещение членов при наследовании", "..\10.6 замещение членов при наследовании\10.6 замещение членов при наследовании.csproj", "{BE295FEB-BE0B-4422-A9EB-56A49CA8E739}"
EndProject
Project("{FAE04EC0-301F-11D3-BF4B-00C04F79EFBC}") = "10.7 Переопределение виртуальных методов", "..\10.7 Переопределение виртуальных методов\10.7 Переопределение виртуальных методов.csproj", "{6879B283-2461-4FD4-BA92-A0E2A2550D4D}"
EndProject
Project("{FAE04EC0-301F-11D3-BF4B-00C04F79EFBC}") = "10.8 переопределение и замещение методов", "..\10.8 переопределение и замещение методов\10.8 переопределение и замещение методов.csproj", "{8E554494-3FF9-4C92-B17E-B1ACE4FD7264}"
EndProject
Project("{FAE04EC0-301F-11D3-BF4B-00C04F79EFBC}") = "10.9 перегрузка и переопределение методов", "..\10.9 перегрузка и переопределение методов\10.9 перегрузка и переопределение методов.csproj", "{5F49A1F1-ADFB-411A-802B-542D969A05C9}"
EndProject
Project("{FAE04EC0-301F-11D3-BF4B-00C04F79EFBC}") = "10.10 Наследование индексаторов и свойств", "..\10.10 Наследование индексаторов и свойств\10.10 Наследование индексаторов и свойств.csproj", "{6E54F19E-DA24-40B1-AAE5-9B6D3AE4DD3C}"
EndProject
Project("{FAE04EC0-301F-11D3-BF4B-00C04F79EFBC}") = "2.1.1. Знакомство с абстрактными классами", "..\2.1.1. Знакомство с абстрактными классами\2.1.1. Знакомство с абстрактными классами.csproj", "{0269B6F2-DBEE-4F5D-8537-921B3B33DE8E}"
EndProject
Project("{FAE04EC0-301F-11D3-BF4B-00C04F79EFBC}") = "2.1.3 знакомство с интерфейсами", "..\2.1.3 знакомство с интерфейсами\2.1.3 знакомство с интерфейсами.csproj", "{EBBCDF7B-E3BA-4C83-B0CD-18496A3BFFD4}"
EndProject
Project("{FAE04EC0-301F-11D3-BF4B-00C04F79EFBC}") = "2.1.4 реализация интерфейсов и наследование базового класса", "..\2.1.4 реализация интерфейсов и наследование базового класса\2.1.4 реализация интерфейсов и наследование базового класса.csproj", "{6BFEC7A9-93E9-44F0-A0E6-DA9A3CC0C750}"
EndProject
Project("{FAE04EC0-301F-11D3-BF4B-00C04F79EFBC}") = "2.1.5 Наследование интерфейсов", "..\2.1.5 Наследование интерфейсов\2.1.5 Наследование интерфейсов.csproj", "{54DF0C60-7C7A-44CE-97E7-4A0CDFE203E7}"
EndProject
Project("{FAE04EC0-301F-11D3-BF4B-00C04F79EFBC}") = "2.1.6. Интерфейсные переменные", "..\2.1.6. Интерфейсные переменные\2.1.6. Интерфейсные переменные.csproj", "{26D4AFD6-7732-47C8-8BCD-29263EB30AB9}"
EndProject
Project("{FAE04EC0-301F-11D3-BF4B-00C04F79EFBC}") = "2.1.7. интерфейсы и неявная реализация членов", "..\2.1.7. интерфейсы и неявная реализация членов\2.1.7. интерфейсы и неявная реализация членов.csproj", "{173B0D15-F95F-4826-9EDF-1EECBBFD5B62}"
EndProject
Project("{FAE04EC0-301F-11D3-BF4B-00C04F79EFBC}") = "2.1.8. Интерфейсы и явная реализация членов", "..\2.1.8. Интерфейсы и явная реализация членов\2.1.8. Интерфейсы и явная реализация членов.csproj", "{D1CC6557-48A5-4466-A99E-D048313F119A}"
EndProject
Project("{FAE04EC0-301F-11D3-BF4B-00C04F79EFBC}") = "2.1 домашнее задание 1", "..\2.1 домашнее задание 1\2.1 домашнее задание 1.csproj", "{7607199B-E09F-44A0-966C-3CD0C9C449E6}"
EndProject
Project("{FAE04EC0-301F-11D3-BF4B-00C04F79EFBC}") = "2.1 домашнее задание 2", "..\2.1 домашнее задание 2\2.1 домашнее задание 2.csproj", "{BC6F0941-8287-4493-A357-6DE06678C7E3}"
EndProject
Project("{FAE04EC0-301F-11D3-BF4B-00C04F79EFBC}") = "2.1 домашнее задание 3", "..\2.1 домашнее задание 3\2.1 домашнее задание 3.csproj", "{C4FADF1C-F6D7-4678-BA7B-95F614DDC8C6}"
EndProject
Project("{FAE04EC0-301F-11D3-BF4B-00C04F79EFBC}") = "2.1 домашнее задание 4", "..\2.1 домашнее задание 4\2.1 домашнее задание 4.csproj", "{329E3E18-81E2-46FB-902A-DD1BCA563022}"
EndProject
Project("{FAE04EC0-301F-11D3-BF4B-00C04F79EFBC}") = "2.1 домашнее задание 5", "..\2.1 домашнее задание 5\2.1 домашнее задание 5.csproj", "{0919741F-8B41-40C5-8919-F62D6C5B785C}"
EndProject
Project("{FAE04EC0-301F-11D3-BF4B-00C04F79EFBC}") = "2.1 домашнее задание 6", "..\2.1 домашнее задание 6\2.1 домашнее задание 6.csproj", "{9FFDE9FE-ABDC-4E00-80B8-3725D0BA29AC}"
EndProject
Project("{FAE04EC0-301F-11D3-BF4B-00C04F79EFBC}") = "2.1 домашнее задание 7", "..\2.1 домашнее задание 7\2.1 домашнее задание 7.csproj", "{9B6F2E22-9853-4DD5-B8BD-D1293B4A1C01}"
EndProject
Project("{FAE04EC0-301F-11D3-BF4B-00C04F79EFBC}") = "2.1 домашнее задание 8", "..\2.1 домашнее задание 8\2.1 домашнее задание 8.csproj", "{1664893F-9D8E-443D-8AC2-376F29C0F499}"
EndProject
Project("{FAE04EC0-301F-11D3-BF4B-00C04F79EFBC}") = "2.1 домашнее задание 9", "..\2.1 домашнее задание 9\2.1 домашнее задание 9.csproj", "{AAE6AD78-F562-4131-865D-27F762B00DA4}"
EndProject
Project("{FAE04EC0-301F-11D3-BF4B-00C04F79EFBC}") = "2.1 домашнее задание 10", "..\2.1 домашнее задание 10\2.1 домашнее задание 10.csproj", "{0D182734-CA94-4B9A-BA8F-1128B2B26877}"
EndProject
Project("{FAE04EC0-301F-11D3-BF4B-00C04F79EFBC}") = "2.2.1 Знакомство с делегатами", "..\2.2.1 Знакомство с делегатами\2.2.1 Знакомство с делегатами.csproj", "{D8EE0240-6061-4537-B7E2-EC58E8E026AD}"
EndProject
Project("{FAE04EC0-301F-11D3-BF4B-00C04F79EFBC}") = "2.2.5 Экземпляр делегата как значение выражения1", "..\2.2.5 Экземпляр делегата как значение выражения1\2.2.5 Экземпляр делегата как значение выражения1.csproj", "{5DFDB9C0-F324-43B6-9CEA-C014F4740457}"
EndProject
Project("{FAE04EC0-301F-11D3-BF4B-00C04F79EFBC}") = "2.2.6 Ссылки на методы и ссылки на объекты", "..\2.2.6 Ссылки на методы и ссылки на объекты\2.2.6 Ссылки на методы и ссылки на объекты.csproj", "{3E9EFE99-B519-4E01-9130-53EB5060485A}"
EndProject
Project("{FAE04EC0-301F-11D3-BF4B-00C04F79EFBC}") = "2.2.7 Знакомство с анонимными методами", "..\2.2.7 Знакомство с анонимными методами\2.2.7 Знакомство с анонимными методами.csproj", "{54D40D46-30D1-4523-BAA2-242CCA0F52F4}"
EndProject
Project("{FAE04EC0-301F-11D3-BF4B-00C04F79EFBC}") = "2.2.8 Анонимный метод как аргумент", "..\2.2.8 Анонимный метод как аргумент\2.2.8 Анонимный метод как аргумент.csproj", "{A5EBBEAB-2356-4688-B3F2-619987DAAF49}"
EndProject
Project("{FAE04EC0-301F-11D3-BF4B-00C04F79EFBC}") = "2.2.9 Анонимный метод как результат", "..\2.2.9 Анонимный метод как результат\2.2.9 Анонимный метод как результат.csproj", "{087EA185-C86F-4F7C-B9C0-3A1807976FD3}"
EndProject
Project("{FAE04EC0-301F-11D3-BF4B-00C04F79EFBC}") = "2.2.10 Реализация результата с помощью анонимного метода", "..\2.2.10 Реализация результата с помощью анонимного метода\2.2.10 Реализация результата с помощью анонимного метода.csproj", "{F72C5461-69D9-4B70-9B49-448374619313}"
EndProject
Project("{FAE04EC0-301F-11D3-BF4B-00C04F79EFBC}") = "2.2.11 Знакомство с лямбда-выражениями", "..\2.2.11 Знакомство с лямбда-выражениями\2.2.11 Знакомство с лямбда-выражениями.csproj", "{4F23E04A-D8A9-4D7A-AC63-102021195D2D}"
EndProject
Project("{FAE04EC0-301F-11D3-BF4B-00C04F79EFBC}") = "2.2.12 Лямбда-выражение как аргумент", "..\2.2.12 Лямбда-выражение как аргумент\2.2.12 Лямбда-выражение как аргумент.csproj", "{EC41AF0F-5A33-4CE4-A9DD-753840FF0E06}"
EndProject
Project("{FAE04EC0-301F-11D3-BF4B-00C04F79EFBC}") = "2.2.13 Лямбда-выражение как результат", "..\2.2.13 Лямбда-выражение как результат\2.2.13 Лямбда-выражение как результат.csproj", "{923D6DDC-3C01-4510-A6C3-E711CA30333C}"
EndProject
Project("{FAE04EC0-301F-11D3-BF4B-00C04F79EFBC}") = "2.2.14 Реализацтя результата с помощью лямбда-выражения", "..\2.2.14 Реализацтя результата с помощью лямбда-выражения\2.2.14 Реализацтя результата с помощью лямбда-выражения.csproj", "{338D18E1-4F8C-4FB6-BDD9-C8B6120A4047}"
EndProject
Project("{FAE04EC0-301F-11D3-BF4B-00C04F79EFBC}") = "2.2.15 Лямбда-выражения в свойстваих и индексаторах", "..\2.2.15 Лямбда-выражения в свойстваих и индексаторах\2.2.15 Лямбда-выражения в свойстваих и индексаторах.csproj", "{D701C617-72B2-4B67-B910-4A167C4290E0}"
EndProject
Project("{FAE04EC0-301F-11D3-BF4B-00C04F79EFBC}") = "2.2.16 Знакомство с событиями", "..\2.2.16 Знакомство с событиями\2.2.16 Знакомство с событиями.csproj", "{4AEEEE50-4E57-4CD2-A75D-19A6A24D7935}"
EndProject
Project("{FAE04EC0-301F-11D3-BF4B-00C04F79EFBC}") = "2.2.17 Событие с явным описанием аксессоров", "..\2.2.17 Событие с явным описанием аксессоров\2.2.17 Событие с явным описанием аксессоров.csproj", "{3C9802A3-2710-403D-B284-92C8756F2B66}"
EndProject
Project("{FAE04EC0-301F-11D3-BF4B-00C04F79EFBC}") = "2.2 домашнее задание 1", "..\2.2 домашнее задание 1\2.2 домашнее задание 1.csproj", "{858CF700-8586-442C-8462-EEBD68970405}"
EndProject
Project("{FAE04EC0-301F-11D3-BF4B-00C04F79EFBC}") = "2.2 домашнее задание 2", "..\2.2 домашнее задание 2\2.2 домашнее задание 2.csproj", "{57F49B10-E374-4077-8723-22D9307BE504}"
EndProject
Project("{FAE04EC0-301F-11D3-BF4B-00C04F79EFBC}") = "2.2 домашнее задание 3", "..\2.2 домашнее задание 3\2.2 домашнее задание 3.csproj", "{A48ADD9E-BB65-4467-9791-6E7C138CC08D}"
EndProject
Project("{FAE04EC0-301F-11D3-BF4B-00C04F79EFBC}") = "2.2 домашнее задание 4", "..\2.2 домашнее задание 4\2.2 домашнее задание 4.csproj", "{838C84E0-A715-4319-9479-0A961CF0E5E3}"
EndProject
Project("{FAE04EC0-301F-11D3-BF4B-00C04F79EFBC}") = "2.2 домашнее задание 5", "..\2.2 домашнее задание 5\2.2 домашнее задание 5.csproj", "{263377D8-ED74-4F85-8395-AB731ADA5F00}"
EndProject
Global
	GlobalSection(SolutionConfigurationPlatforms) = preSolution
		Debug|Any CPU = Debug|Any CPU
		Release|Any CPU = Release|Any CPU
	EndGlobalSection
	GlobalSection(ProjectConfigurationPlatforms) = postSolution
		{6AFDA715-202A-41A9-B928-CD635CA0D48D}.Debug|Any CPU.ActiveCfg = Debug|Any CPU
		{6AFDA715-202A-41A9-B928-CD635CA0D48D}.Debug|Any CPU.Build.0 = Debug|Any CPU
		{6AFDA715-202A-41A9-B928-CD635CA0D48D}.Release|Any CPU.ActiveCfg = Release|Any CPU
		{6AFDA715-202A-41A9-B928-CD635CA0D48D}.Release|Any CPU.Build.0 = Release|Any CPU
		{FE0EB7B2-B784-4C21-847D-EF8673976102}.Debug|Any CPU.ActiveCfg = Debug|Any CPU
		{FE0EB7B2-B784-4C21-847D-EF8673976102}.Debug|Any CPU.Build.0 = Debug|Any CPU
		{FE0EB7B2-B784-4C21-847D-EF8673976102}.Release|Any CPU.ActiveCfg = Release|Any CPU
		{FE0EB7B2-B784-4C21-847D-EF8673976102}.Release|Any CPU.Build.0 = Release|Any CPU
		{6C3A28FF-5ECF-44FB-9178-A6C32404E74A}.Debug|Any CPU.ActiveCfg = Debug|Any CPU
		{6C3A28FF-5ECF-44FB-9178-A6C32404E74A}.Debug|Any CPU.Build.0 = Debug|Any CPU
		{6C3A28FF-5ECF-44FB-9178-A6C32404E74A}.Release|Any CPU.ActiveCfg = Release|Any CPU
		{6C3A28FF-5ECF-44FB-9178-A6C32404E74A}.Release|Any CPU.Build.0 = Release|Any CPU
		{01EF3BF1-E38F-42E4-915D-CE4958CDD8B3}.Debug|Any CPU.ActiveCfg = Debug|Any CPU
		{01EF3BF1-E38F-42E4-915D-CE4958CDD8B3}.Debug|Any CPU.Build.0 = Debug|Any CPU
		{01EF3BF1-E38F-42E4-915D-CE4958CDD8B3}.Release|Any CPU.ActiveCfg = Release|Any CPU
		{01EF3BF1-E38F-42E4-915D-CE4958CDD8B3}.Release|Any CPU.Build.0 = Release|Any CPU
		{90E9252D-2FA5-45AC-AA11-A9B7FAC830CC}.Debug|Any CPU.ActiveCfg = Debug|Any CPU
		{90E9252D-2FA5-45AC-AA11-A9B7FAC830CC}.Debug|Any CPU.Build.0 = Debug|Any CPU
		{90E9252D-2FA5-45AC-AA11-A9B7FAC830CC}.Release|Any CPU.ActiveCfg = Release|Any CPU
		{90E9252D-2FA5-45AC-AA11-A9B7FAC830CC}.Release|Any CPU.Build.0 = Release|Any CPU
		{3C8B4FB0-0A3D-4A1B-A1DB-13096F2054A5}.Debug|Any CPU.ActiveCfg = Debug|Any CPU
		{3C8B4FB0-0A3D-4A1B-A1DB-13096F2054A5}.Debug|Any CPU.Build.0 = Debug|Any CPU
		{3C8B4FB0-0A3D-4A1B-A1DB-13096F2054A5}.Release|Any CPU.ActiveCfg = Release|Any CPU
		{3C8B4FB0-0A3D-4A1B-A1DB-13096F2054A5}.Release|Any CPU.Build.0 = Release|Any CPU
		{3A53D0B2-5046-4FF9-B17A-D1F97E45EE54}.Debug|Any CPU.ActiveCfg = Debug|Any CPU
		{3A53D0B2-5046-4FF9-B17A-D1F97E45EE54}.Debug|Any CPU.Build.0 = Debug|Any CPU
		{3A53D0B2-5046-4FF9-B17A-D1F97E45EE54}.Release|Any CPU.ActiveCfg = Release|Any CPU
		{3A53D0B2-5046-4FF9-B17A-D1F97E45EE54}.Release|Any CPU.Build.0 = Release|Any CPU
		{975C5A2A-1F7F-46F3-8353-60ED73BBE903}.Debug|Any CPU.ActiveCfg = Debug|Any CPU
		{975C5A2A-1F7F-46F3-8353-60ED73BBE903}.Debug|Any CPU.Build.0 = Debug|Any CPU
		{975C5A2A-1F7F-46F3-8353-60ED73BBE903}.Release|Any CPU.ActiveCfg = Release|Any CPU
		{975C5A2A-1F7F-46F3-8353-60ED73BBE903}.Release|Any CPU.Build.0 = Release|Any CPU
		{157E5122-9676-495F-96D1-83D98291E0FF}.Debug|Any CPU.ActiveCfg = Debug|Any CPU
		{157E5122-9676-495F-96D1-83D98291E0FF}.Debug|Any CPU.Build.0 = Debug|Any CPU
		{157E5122-9676-495F-96D1-83D98291E0FF}.Release|Any CPU.ActiveCfg = Release|Any CPU
		{157E5122-9676-495F-96D1-83D98291E0FF}.Release|Any CPU.Build.0 = Release|Any CPU
		{2A85E3D0-A8BE-45CD-8926-7DD9501889B3}.Debug|Any CPU.ActiveCfg = Debug|Any CPU
		{2A85E3D0-A8BE-45CD-8926-7DD9501889B3}.Debug|Any CPU.Build.0 = Debug|Any CPU
		{2A85E3D0-A8BE-45CD-8926-7DD9501889B3}.Release|Any CPU.ActiveCfg = Release|Any CPU
		{2A85E3D0-A8BE-45CD-8926-7DD9501889B3}.Release|Any CPU.Build.0 = Release|Any CPU
		{4CB958E1-21BF-427B-98F3-79439388FE9E}.Debug|Any CPU.ActiveCfg = Debug|Any CPU
		{4CB958E1-21BF-427B-98F3-79439388FE9E}.Debug|Any CPU.Build.0 = Debug|Any CPU
		{4CB958E1-21BF-427B-98F3-79439388FE9E}.Release|Any CPU.ActiveCfg = Release|Any CPU
		{4CB958E1-21BF-427B-98F3-79439388FE9E}.Release|Any CPU.Build.0 = Release|Any CPU
		{3119C2FF-4504-477F-AC12-03D3A2A79810}.Debug|Any CPU.ActiveCfg = Debug|Any CPU
		{3119C2FF-4504-477F-AC12-03D3A2A79810}.Debug|Any CPU.Build.0 = Debug|Any CPU
		{3119C2FF-4504-477F-AC12-03D3A2A79810}.Release|Any CPU.ActiveCfg = Release|Any CPU
		{3119C2FF-4504-477F-AC12-03D3A2A79810}.Release|Any CPU.Build.0 = Release|Any CPU
		{8101934B-CED6-48A8-9E01-2BE0B76D9323}.Debug|Any CPU.ActiveCfg = Debug|Any CPU
		{8101934B-CED6-48A8-9E01-2BE0B76D9323}.Debug|Any CPU.Build.0 = Debug|Any CPU
		{8101934B-CED6-48A8-9E01-2BE0B76D9323}.Release|Any CPU.ActiveCfg = Release|Any CPU
		{8101934B-CED6-48A8-9E01-2BE0B76D9323}.Release|Any CPU.Build.0 = Release|Any CPU
		{3C3585CF-8992-4941-B82B-018CB54FDB8E}.Debug|Any CPU.ActiveCfg = Debug|Any CPU
		{3C3585CF-8992-4941-B82B-018CB54FDB8E}.Debug|Any CPU.Build.0 = Debug|Any CPU
		{3C3585CF-8992-4941-B82B-018CB54FDB8E}.Release|Any CPU.ActiveCfg = Release|Any CPU
		{3C3585CF-8992-4941-B82B-018CB54FDB8E}.Release|Any CPU.Build.0 = Release|Any CPU
		{89EC2246-F362-4F8B-A9BF-36F3AD1782A6}.Debug|Any CPU.ActiveCfg = Debug|Any CPU
		{89EC2246-F362-4F8B-A9BF-36F3AD1782A6}.Debug|Any CPU.Build.0 = Debug|Any CPU
		{89EC2246-F362-4F8B-A9BF-36F3AD1782A6}.Release|Any CPU.ActiveCfg = Release|Any CPU
		{89EC2246-F362-4F8B-A9BF-36F3AD1782A6}.Release|Any CPU.Build.0 = Release|Any CPU
		{7C36F258-7FDC-4B7E-9CE5-8035E4CC2962}.Debug|Any CPU.ActiveCfg = Debug|Any CPU
		{7C36F258-7FDC-4B7E-9CE5-8035E4CC2962}.Debug|Any CPU.Build.0 = Debug|Any CPU
		{7C36F258-7FDC-4B7E-9CE5-8035E4CC2962}.Release|Any CPU.ActiveCfg = Release|Any CPU
		{7C36F258-7FDC-4B7E-9CE5-8035E4CC2962}.Release|Any CPU.Build.0 = Release|Any CPU
		{04C242B7-C7D0-4DF9-B3B8-6F653F124FC3}.Debug|Any CPU.ActiveCfg = Debug|Any CPU
		{04C242B7-C7D0-4DF9-B3B8-6F653F124FC3}.Debug|Any CPU.Build.0 = Debug|Any CPU
		{04C242B7-C7D0-4DF9-B3B8-6F653F124FC3}.Release|Any CPU.ActiveCfg = Release|Any CPU
		{04C242B7-C7D0-4DF9-B3B8-6F653F124FC3}.Release|Any CPU.Build.0 = Release|Any CPU
		{3437584F-6CFE-4FC8-BEF7-948042D5A2A5}.Debug|Any CPU.ActiveCfg = Debug|Any CPU
		{3437584F-6CFE-4FC8-BEF7-948042D5A2A5}.Debug|Any CPU.Build.0 = Debug|Any CPU
		{3437584F-6CFE-4FC8-BEF7-948042D5A2A5}.Release|Any CPU.ActiveCfg = Release|Any CPU
		{3437584F-6CFE-4FC8-BEF7-948042D5A2A5}.Release|Any CPU.Build.0 = Release|Any CPU
		{D63EF9D5-8762-471C-8E2B-9D1856A1D814}.Debug|Any CPU.ActiveCfg = Debug|Any CPU
		{D63EF9D5-8762-471C-8E2B-9D1856A1D814}.Debug|Any CPU.Build.0 = Debug|Any CPU
		{D63EF9D5-8762-471C-8E2B-9D1856A1D814}.Release|Any CPU.ActiveCfg = Release|Any CPU
		{D63EF9D5-8762-471C-8E2B-9D1856A1D814}.Release|Any CPU.Build.0 = Release|Any CPU
		{0071838E-D563-4628-B5DC-28097C9267DD}.Debug|Any CPU.ActiveCfg = Debug|Any CPU
		{0071838E-D563-4628-B5DC-28097C9267DD}.Debug|Any CPU.Build.0 = Debug|Any CPU
		{0071838E-D563-4628-B5DC-28097C9267DD}.Release|Any CPU.ActiveCfg = Release|Any CPU
		{0071838E-D563-4628-B5DC-28097C9267DD}.Release|Any CPU.Build.0 = Release|Any CPU
		{9E7084C7-B6ED-4782-9BE2-E43F9AFFF03E}.Debug|Any CPU.ActiveCfg = Debug|Any CPU
		{9E7084C7-B6ED-4782-9BE2-E43F9AFFF03E}.Debug|Any CPU.Build.0 = Debug|Any CPU
		{9E7084C7-B6ED-4782-9BE2-E43F9AFFF03E}.Release|Any CPU.ActiveCfg = Release|Any CPU
		{9E7084C7-B6ED-4782-9BE2-E43F9AFFF03E}.Release|Any CPU.Build.0 = Release|Any CPU
		{A8454C81-7925-4DA1-A005-7866CBC3FF6C}.Debug|Any CPU.ActiveCfg = Debug|Any CPU
		{A8454C81-7925-4DA1-A005-7866CBC3FF6C}.Debug|Any CPU.Build.0 = Debug|Any CPU
		{A8454C81-7925-4DA1-A005-7866CBC3FF6C}.Release|Any CPU.ActiveCfg = Release|Any CPU
		{A8454C81-7925-4DA1-A005-7866CBC3FF6C}.Release|Any CPU.Build.0 = Release|Any CPU
		{0D0FD470-3EB7-410C-B3FD-9B48BB9D0A5B}.Debug|Any CPU.ActiveCfg = Debug|Any CPU
		{0D0FD470-3EB7-410C-B3FD-9B48BB9D0A5B}.Debug|Any CPU.Build.0 = Debug|Any CPU
		{0D0FD470-3EB7-410C-B3FD-9B48BB9D0A5B}.Release|Any CPU.ActiveCfg = Release|Any CPU
		{0D0FD470-3EB7-410C-B3FD-9B48BB9D0A5B}.Release|Any CPU.Build.0 = Release|Any CPU
		{2F73D925-03E6-4010-8443-387E28FAA2A3}.Debug|Any CPU.ActiveCfg = Debug|Any CPU
		{2F73D925-03E6-4010-8443-387E28FAA2A3}.Debug|Any CPU.Build.0 = Debug|Any CPU
		{2F73D925-03E6-4010-8443-387E28FAA2A3}.Release|Any CPU.ActiveCfg = Release|Any CPU
		{2F73D925-03E6-4010-8443-387E28FAA2A3}.Release|Any CPU.Build.0 = Release|Any CPU
		{F2E5135D-FB69-4D55-9783-41C31D256C1D}.Debug|Any CPU.ActiveCfg = Debug|Any CPU
		{F2E5135D-FB69-4D55-9783-41C31D256C1D}.Debug|Any CPU.Build.0 = Debug|Any CPU
		{F2E5135D-FB69-4D55-9783-41C31D256C1D}.Release|Any CPU.ActiveCfg = Release|Any CPU
		{F2E5135D-FB69-4D55-9783-41C31D256C1D}.Release|Any CPU.Build.0 = Release|Any CPU
		{51667771-FC70-4779-8654-CCA184B7EBEB}.Debug|Any CPU.ActiveCfg = Debug|Any CPU
		{51667771-FC70-4779-8654-CCA184B7EBEB}.Debug|Any CPU.Build.0 = Debug|Any CPU
		{51667771-FC70-4779-8654-CCA184B7EBEB}.Release|Any CPU.ActiveCfg = Release|Any CPU
		{51667771-FC70-4779-8654-CCA184B7EBEB}.Release|Any CPU.Build.0 = Release|Any CPU
		{7A0C46D0-B095-4507-A64C-9D094C3B08A0}.Debug|Any CPU.ActiveCfg = Debug|Any CPU
		{7A0C46D0-B095-4507-A64C-9D094C3B08A0}.Debug|Any CPU.Build.0 = Debug|Any CPU
		{7A0C46D0-B095-4507-A64C-9D094C3B08A0}.Release|Any CPU.ActiveCfg = Release|Any CPU
		{7A0C46D0-B095-4507-A64C-9D094C3B08A0}.Release|Any CPU.Build.0 = Release|Any CPU
		{2B108271-9556-4F38-B9AE-9DA09A8FD4A9}.Debug|Any CPU.ActiveCfg = Debug|Any CPU
		{2B108271-9556-4F38-B9AE-9DA09A8FD4A9}.Debug|Any CPU.Build.0 = Debug|Any CPU
		{2B108271-9556-4F38-B9AE-9DA09A8FD4A9}.Release|Any CPU.ActiveCfg = Release|Any CPU
		{2B108271-9556-4F38-B9AE-9DA09A8FD4A9}.Release|Any CPU.Build.0 = Release|Any CPU
		{D8DCE73E-AC33-43A5-A56A-7A910A997E67}.Debug|Any CPU.ActiveCfg = Debug|Any CPU
		{D8DCE73E-AC33-43A5-A56A-7A910A997E67}.Debug|Any CPU.Build.0 = Debug|Any CPU
		{D8DCE73E-AC33-43A5-A56A-7A910A997E67}.Release|Any CPU.ActiveCfg = Release|Any CPU
		{D8DCE73E-AC33-43A5-A56A-7A910A997E67}.Release|Any CPU.Build.0 = Release|Any CPU
		{67649C59-3434-43B0-972D-0C05F1363265}.Debug|Any CPU.ActiveCfg = Debug|Any CPU
		{67649C59-3434-43B0-972D-0C05F1363265}.Debug|Any CPU.Build.0 = Debug|Any CPU
		{67649C59-3434-43B0-972D-0C05F1363265}.Release|Any CPU.ActiveCfg = Release|Any CPU
		{67649C59-3434-43B0-972D-0C05F1363265}.Release|Any CPU.Build.0 = Release|Any CPU
		{CF323700-6F65-4E03-BBC0-8BFCDBB72B02}.Debug|Any CPU.ActiveCfg = Debug|Any CPU
		{CF323700-6F65-4E03-BBC0-8BFCDBB72B02}.Debug|Any CPU.Build.0 = Debug|Any CPU
		{CF323700-6F65-4E03-BBC0-8BFCDBB72B02}.Release|Any CPU.ActiveCfg = Release|Any CPU
		{CF323700-6F65-4E03-BBC0-8BFCDBB72B02}.Release|Any CPU.Build.0 = Release|Any CPU
		{78F3DEB2-9A13-44B5-962F-136BDAAFF08A}.Debug|Any CPU.ActiveCfg = Debug|Any CPU
		{78F3DEB2-9A13-44B5-962F-136BDAAFF08A}.Debug|Any CPU.Build.0 = Debug|Any CPU
		{78F3DEB2-9A13-44B5-962F-136BDAAFF08A}.Release|Any CPU.ActiveCfg = Release|Any CPU
		{78F3DEB2-9A13-44B5-962F-136BDAAFF08A}.Release|Any CPU.Build.0 = Release|Any CPU
		{0C43A33B-0FE0-42A8-AB26-3B81A3881973}.Debug|Any CPU.ActiveCfg = Debug|Any CPU
		{0C43A33B-0FE0-42A8-AB26-3B81A3881973}.Debug|Any CPU.Build.0 = Debug|Any CPU
		{0C43A33B-0FE0-42A8-AB26-3B81A3881973}.Release|Any CPU.ActiveCfg = Release|Any CPU
		{0C43A33B-0FE0-42A8-AB26-3B81A3881973}.Release|Any CPU.Build.0 = Release|Any CPU
		{7C99DB60-4D08-41FF-9E76-EFC6DE86A147}.Debug|Any CPU.ActiveCfg = Debug|Any CPU
		{7C99DB60-4D08-41FF-9E76-EFC6DE86A147}.Debug|Any CPU.Build.0 = Debug|Any CPU
		{7C99DB60-4D08-41FF-9E76-EFC6DE86A147}.Release|Any CPU.ActiveCfg = Release|Any CPU
		{7C99DB60-4D08-41FF-9E76-EFC6DE86A147}.Release|Any CPU.Build.0 = Release|Any CPU
		{86DB7551-30EA-4FB7-B127-B799DC7B11E6}.Debug|Any CPU.ActiveCfg = Debug|Any CPU
		{86DB7551-30EA-4FB7-B127-B799DC7B11E6}.Debug|Any CPU.Build.0 = Debug|Any CPU
		{86DB7551-30EA-4FB7-B127-B799DC7B11E6}.Release|Any CPU.ActiveCfg = Release|Any CPU
		{86DB7551-30EA-4FB7-B127-B799DC7B11E6}.Release|Any CPU.Build.0 = Release|Any CPU
		{E1B3B5B8-BD89-496B-8A79-625E536E4DC1}.Debug|Any CPU.ActiveCfg = Debug|Any CPU
		{E1B3B5B8-BD89-496B-8A79-625E536E4DC1}.Debug|Any CPU.Build.0 = Debug|Any CPU
		{E1B3B5B8-BD89-496B-8A79-625E536E4DC1}.Release|Any CPU.ActiveCfg = Release|Any CPU
		{E1B3B5B8-BD89-496B-8A79-625E536E4DC1}.Release|Any CPU.Build.0 = Release|Any CPU
		{BE295FEB-BE0B-4422-A9EB-56A49CA8E739}.Debug|Any CPU.ActiveCfg = Debug|Any CPU
		{BE295FEB-BE0B-4422-A9EB-56A49CA8E739}.Debug|Any CPU.Build.0 = Debug|Any CPU
		{BE295FEB-BE0B-4422-A9EB-56A49CA8E739}.Release|Any CPU.ActiveCfg = Release|Any CPU
		{BE295FEB-BE0B-4422-A9EB-56A49CA8E739}.Release|Any CPU.Build.0 = Release|Any CPU
		{6879B283-2461-4FD4-BA92-A0E2A2550D4D}.Debug|Any CPU.ActiveCfg = Debug|Any CPU
		{6879B283-2461-4FD4-BA92-A0E2A2550D4D}.Debug|Any CPU.Build.0 = Debug|Any CPU
		{6879B283-2461-4FD4-BA92-A0E2A2550D4D}.Release|Any CPU.ActiveCfg = Release|Any CPU
		{6879B283-2461-4FD4-BA92-A0E2A2550D4D}.Release|Any CPU.Build.0 = Release|Any CPU
		{8E554494-3FF9-4C92-B17E-B1ACE4FD7264}.Debug|Any CPU.ActiveCfg = Debug|Any CPU
		{8E554494-3FF9-4C92-B17E-B1ACE4FD7264}.Debug|Any CPU.Build.0 = Debug|Any CPU
		{8E554494-3FF9-4C92-B17E-B1ACE4FD7264}.Release|Any CPU.ActiveCfg = Release|Any CPU
		{8E554494-3FF9-4C92-B17E-B1ACE4FD7264}.Release|Any CPU.Build.0 = Release|Any CPU
		{5F49A1F1-ADFB-411A-802B-542D969A05C9}.Debug|Any CPU.ActiveCfg = Debug|Any CPU
		{5F49A1F1-ADFB-411A-802B-542D969A05C9}.Debug|Any CPU.Build.0 = Debug|Any CPU
		{5F49A1F1-ADFB-411A-802B-542D969A05C9}.Release|Any CPU.ActiveCfg = Release|Any CPU
		{5F49A1F1-ADFB-411A-802B-542D969A05C9}.Release|Any CPU.Build.0 = Release|Any CPU
		{6E54F19E-DA24-40B1-AAE5-9B6D3AE4DD3C}.Debug|Any CPU.ActiveCfg = Debug|Any CPU
		{6E54F19E-DA24-40B1-AAE5-9B6D3AE4DD3C}.Debug|Any CPU.Build.0 = Debug|Any CPU
		{6E54F19E-DA24-40B1-AAE5-9B6D3AE4DD3C}.Release|Any CPU.ActiveCfg = Release|Any CPU
		{6E54F19E-DA24-40B1-AAE5-9B6D3AE4DD3C}.Release|Any CPU.Build.0 = Release|Any CPU
		{0269B6F2-DBEE-4F5D-8537-921B3B33DE8E}.Debug|Any CPU.ActiveCfg = Debug|Any CPU
		{0269B6F2-DBEE-4F5D-8537-921B3B33DE8E}.Debug|Any CPU.Build.0 = Debug|Any CPU
		{0269B6F2-DBEE-4F5D-8537-921B3B33DE8E}.Release|Any CPU.ActiveCfg = Release|Any CPU
		{0269B6F2-DBEE-4F5D-8537-921B3B33DE8E}.Release|Any CPU.Build.0 = Release|Any CPU
		{EBBCDF7B-E3BA-4C83-B0CD-18496A3BFFD4}.Debug|Any CPU.ActiveCfg = Debug|Any CPU
		{EBBCDF7B-E3BA-4C83-B0CD-18496A3BFFD4}.Debug|Any CPU.Build.0 = Debug|Any CPU
		{EBBCDF7B-E3BA-4C83-B0CD-18496A3BFFD4}.Release|Any CPU.ActiveCfg = Release|Any CPU
		{EBBCDF7B-E3BA-4C83-B0CD-18496A3BFFD4}.Release|Any CPU.Build.0 = Release|Any CPU
		{6BFEC7A9-93E9-44F0-A0E6-DA9A3CC0C750}.Debug|Any CPU.ActiveCfg = Debug|Any CPU
		{6BFEC7A9-93E9-44F0-A0E6-DA9A3CC0C750}.Debug|Any CPU.Build.0 = Debug|Any CPU
		{6BFEC7A9-93E9-44F0-A0E6-DA9A3CC0C750}.Release|Any CPU.ActiveCfg = Release|Any CPU
		{6BFEC7A9-93E9-44F0-A0E6-DA9A3CC0C750}.Release|Any CPU.Build.0 = Release|Any CPU
		{54DF0C60-7C7A-44CE-97E7-4A0CDFE203E7}.Debug|Any CPU.ActiveCfg = Debug|Any CPU
		{54DF0C60-7C7A-44CE-97E7-4A0CDFE203E7}.Debug|Any CPU.Build.0 = Debug|Any CPU
		{54DF0C60-7C7A-44CE-97E7-4A0CDFE203E7}.Release|Any CPU.ActiveCfg = Release|Any CPU
		{54DF0C60-7C7A-44CE-97E7-4A0CDFE203E7}.Release|Any CPU.Build.0 = Release|Any CPU
		{26D4AFD6-7732-47C8-8BCD-29263EB30AB9}.Debug|Any CPU.ActiveCfg = Debug|Any CPU
		{26D4AFD6-7732-47C8-8BCD-29263EB30AB9}.Debug|Any CPU.Build.0 = Debug|Any CPU
		{26D4AFD6-7732-47C8-8BCD-29263EB30AB9}.Release|Any CPU.ActiveCfg = Release|Any CPU
		{26D4AFD6-7732-47C8-8BCD-29263EB30AB9}.Release|Any CPU.Build.0 = Release|Any CPU
		{173B0D15-F95F-4826-9EDF-1EECBBFD5B62}.Debug|Any CPU.ActiveCfg = Debug|Any CPU
		{173B0D15-F95F-4826-9EDF-1EECBBFD5B62}.Debug|Any CPU.Build.0 = Debug|Any CPU
		{173B0D15-F95F-4826-9EDF-1EECBBFD5B62}.Release|Any CPU.ActiveCfg = Release|Any CPU
		{173B0D15-F95F-4826-9EDF-1EECBBFD5B62}.Release|Any CPU.Build.0 = Release|Any CPU
		{D1CC6557-48A5-4466-A99E-D048313F119A}.Debug|Any CPU.ActiveCfg = Debug|Any CPU
		{D1CC6557-48A5-4466-A99E-D048313F119A}.Debug|Any CPU.Build.0 = Debug|Any CPU
		{D1CC6557-48A5-4466-A99E-D048313F119A}.Release|Any CPU.ActiveCfg = Release|Any CPU
		{D1CC6557-48A5-4466-A99E-D048313F119A}.Release|Any CPU.Build.0 = Release|Any CPU
		{7607199B-E09F-44A0-966C-3CD0C9C449E6}.Debug|Any CPU.ActiveCfg = Debug|Any CPU
		{7607199B-E09F-44A0-966C-3CD0C9C449E6}.Debug|Any CPU.Build.0 = Debug|Any CPU
		{7607199B-E09F-44A0-966C-3CD0C9C449E6}.Release|Any CPU.ActiveCfg = Release|Any CPU
		{7607199B-E09F-44A0-966C-3CD0C9C449E6}.Release|Any CPU.Build.0 = Release|Any CPU
		{BC6F0941-8287-4493-A357-6DE06678C7E3}.Debug|Any CPU.ActiveCfg = Debug|Any CPU
		{BC6F0941-8287-4493-A357-6DE06678C7E3}.Debug|Any CPU.Build.0 = Debug|Any CPU
		{BC6F0941-8287-4493-A357-6DE06678C7E3}.Release|Any CPU.ActiveCfg = Release|Any CPU
		{BC6F0941-8287-4493-A357-6DE06678C7E3}.Release|Any CPU.Build.0 = Release|Any CPU
		{C4FADF1C-F6D7-4678-BA7B-95F614DDC8C6}.Debug|Any CPU.ActiveCfg = Debug|Any CPU
		{C4FADF1C-F6D7-4678-BA7B-95F614DDC8C6}.Debug|Any CPU.Build.0 = Debug|Any CPU
		{C4FADF1C-F6D7-4678-BA7B-95F614DDC8C6}.Release|Any CPU.ActiveCfg = Release|Any CPU
		{C4FADF1C-F6D7-4678-BA7B-95F614DDC8C6}.Release|Any CPU.Build.0 = Release|Any CPU
		{329E3E18-81E2-46FB-902A-DD1BCA563022}.Debug|Any CPU.ActiveCfg = Debug|Any CPU
		{329E3E18-81E2-46FB-902A-DD1BCA563022}.Debug|Any CPU.Build.0 = Debug|Any CPU
		{329E3E18-81E2-46FB-902A-DD1BCA563022}.Release|Any CPU.ActiveCfg = Release|Any CPU
		{329E3E18-81E2-46FB-902A-DD1BCA563022}.Release|Any CPU.Build.0 = Release|Any CPU
		{0919741F-8B41-40C5-8919-F62D6C5B785C}.Debug|Any CPU.ActiveCfg = Debug|Any CPU
		{0919741F-8B41-40C5-8919-F62D6C5B785C}.Debug|Any CPU.Build.0 = Debug|Any CPU
		{0919741F-8B41-40C5-8919-F62D6C5B785C}.Release|Any CPU.ActiveCfg = Release|Any CPU
		{0919741F-8B41-40C5-8919-F62D6C5B785C}.Release|Any CPU.Build.0 = Release|Any CPU
		{9FFDE9FE-ABDC-4E00-80B8-3725D0BA29AC}.Debug|Any CPU.ActiveCfg = Debug|Any CPU
		{9FFDE9FE-ABDC-4E00-80B8-3725D0BA29AC}.Debug|Any CPU.Build.0 = Debug|Any CPU
		{9FFDE9FE-ABDC-4E00-80B8-3725D0BA29AC}.Release|Any CPU.ActiveCfg = Release|Any CPU
		{9FFDE9FE-ABDC-4E00-80B8-3725D0BA29AC}.Release|Any CPU.Build.0 = Release|Any CPU
		{9B6F2E22-9853-4DD5-B8BD-D1293B4A1C01}.Debug|Any CPU.ActiveCfg = Debug|Any CPU
		{9B6F2E22-9853-4DD5-B8BD-D1293B4A1C01}.Debug|Any CPU.Build.0 = Debug|Any CPU
		{9B6F2E22-9853-4DD5-B8BD-D1293B4A1C01}.Release|Any CPU.ActiveCfg = Release|Any CPU
		{9B6F2E22-9853-4DD5-B8BD-D1293B4A1C01}.Release|Any CPU.Build.0 = Release|Any CPU
		{1664893F-9D8E-443D-8AC2-376F29C0F499}.Debug|Any CPU.ActiveCfg = Debug|Any CPU
		{1664893F-9D8E-443D-8AC2-376F29C0F499}.Debug|Any CPU.Build.0 = Debug|Any CPU
		{1664893F-9D8E-443D-8AC2-376F29C0F499}.Release|Any CPU.ActiveCfg = Release|Any CPU
		{1664893F-9D8E-443D-8AC2-376F29C0F499}.Release|Any CPU.Build.0 = Release|Any CPU
		{AAE6AD78-F562-4131-865D-27F762B00DA4}.Debug|Any CPU.ActiveCfg = Debug|Any CPU
		{AAE6AD78-F562-4131-865D-27F762B00DA4}.Debug|Any CPU.Build.0 = Debug|Any CPU
		{AAE6AD78-F562-4131-865D-27F762B00DA4}.Release|Any CPU.ActiveCfg = Release|Any CPU
		{AAE6AD78-F562-4131-865D-27F762B00DA4}.Release|Any CPU.Build.0 = Release|Any CPU
		{0D182734-CA94-4B9A-BA8F-1128B2B26877}.Debug|Any CPU.ActiveCfg = Debug|Any CPU
		{0D182734-CA94-4B9A-BA8F-1128B2B26877}.Debug|Any CPU.Build.0 = Debug|Any CPU
		{0D182734-CA94-4B9A-BA8F-1128B2B26877}.Release|Any CPU.ActiveCfg = Release|Any CPU
		{0D182734-CA94-4B9A-BA8F-1128B2B26877}.Release|Any CPU.Build.0 = Release|Any CPU
		{D8EE0240-6061-4537-B7E2-EC58E8E026AD}.Debug|Any CPU.ActiveCfg = Debug|Any CPU
		{D8EE0240-6061-4537-B7E2-EC58E8E026AD}.Debug|Any CPU.Build.0 = Debug|Any CPU
		{D8EE0240-6061-4537-B7E2-EC58E8E026AD}.Release|Any CPU.ActiveCfg = Release|Any CPU
		{D8EE0240-6061-4537-B7E2-EC58E8E026AD}.Release|Any CPU.Build.0 = Release|Any CPU
		{5DFDB9C0-F324-43B6-9CEA-C014F4740457}.Debug|Any CPU.ActiveCfg = Debug|Any CPU
		{5DFDB9C0-F324-43B6-9CEA-C014F4740457}.Debug|Any CPU.Build.0 = Debug|Any CPU
		{5DFDB9C0-F324-43B6-9CEA-C014F4740457}.Release|Any CPU.ActiveCfg = Release|Any CPU
		{5DFDB9C0-F324-43B6-9CEA-C014F4740457}.Release|Any CPU.Build.0 = Release|Any CPU
		{3E9EFE99-B519-4E01-9130-53EB5060485A}.Debug|Any CPU.ActiveCfg = Debug|Any CPU
		{3E9EFE99-B519-4E01-9130-53EB5060485A}.Debug|Any CPU.Build.0 = Debug|Any CPU
		{3E9EFE99-B519-4E01-9130-53EB5060485A}.Release|Any CPU.ActiveCfg = Release|Any CPU
		{3E9EFE99-B519-4E01-9130-53EB5060485A}.Release|Any CPU.Build.0 = Release|Any CPU
		{54D40D46-30D1-4523-BAA2-242CCA0F52F4}.Debug|Any CPU.ActiveCfg = Debug|Any CPU
		{54D40D46-30D1-4523-BAA2-242CCA0F52F4}.Debug|Any CPU.Build.0 = Debug|Any CPU
		{54D40D46-30D1-4523-BAA2-242CCA0F52F4}.Release|Any CPU.ActiveCfg = Release|Any CPU
		{54D40D46-30D1-4523-BAA2-242CCA0F52F4}.Release|Any CPU.Build.0 = Release|Any CPU
		{A5EBBEAB-2356-4688-B3F2-619987DAAF49}.Debug|Any CPU.ActiveCfg = Debug|Any CPU
		{A5EBBEAB-2356-4688-B3F2-619987DAAF49}.Debug|Any CPU.Build.0 = Debug|Any CPU
		{A5EBBEAB-2356-4688-B3F2-619987DAAF49}.Release|Any CPU.ActiveCfg = Release|Any CPU
		{A5EBBEAB-2356-4688-B3F2-619987DAAF49}.Release|Any CPU.Build.0 = Release|Any CPU
		{087EA185-C86F-4F7C-B9C0-3A1807976FD3}.Debug|Any CPU.ActiveCfg = Debug|Any CPU
		{087EA185-C86F-4F7C-B9C0-3A1807976FD3}.Debug|Any CPU.Build.0 = Debug|Any CPU
		{087EA185-C86F-4F7C-B9C0-3A1807976FD3}.Release|Any CPU.ActiveCfg = Release|Any CPU
		{087EA185-C86F-4F7C-B9C0-3A1807976FD3}.Release|Any CPU.Build.0 = Release|Any CPU
		{F72C5461-69D9-4B70-9B49-448374619313}.Debug|Any CPU.ActiveCfg = Debug|Any CPU
		{F72C5461-69D9-4B70-9B49-448374619313}.Debug|Any CPU.Build.0 = Debug|Any CPU
		{F72C5461-69D9-4B70-9B49-448374619313}.Release|Any CPU.ActiveCfg = Release|Any CPU
		{F72C5461-69D9-4B70-9B49-448374619313}.Release|Any CPU.Build.0 = Release|Any CPU
		{4F23E04A-D8A9-4D7A-AC63-102021195D2D}.Debug|Any CPU.ActiveCfg = Debug|Any CPU
		{4F23E04A-D8A9-4D7A-AC63-102021195D2D}.Debug|Any CPU.Build.0 = Debug|Any CPU
		{4F23E04A-D8A9-4D7A-AC63-102021195D2D}.Release|Any CPU.ActiveCfg = Release|Any CPU
		{4F23E04A-D8A9-4D7A-AC63-102021195D2D}.Release|Any CPU.Build.0 = Release|Any CPU
		{EC41AF0F-5A33-4CE4-A9DD-753840FF0E06}.Debug|Any CPU.ActiveCfg = Debug|Any CPU
		{EC41AF0F-5A33-4CE4-A9DD-753840FF0E06}.Debug|Any CPU.Build.0 = Debug|Any CPU
		{EC41AF0F-5A33-4CE4-A9DD-753840FF0E06}.Release|Any CPU.ActiveCfg = Release|Any CPU
		{EC41AF0F-5A33-4CE4-A9DD-753840FF0E06}.Release|Any CPU.Build.0 = Release|Any CPU
		{923D6DDC-3C01-4510-A6C3-E711CA30333C}.Debug|Any CPU.ActiveCfg = Debug|Any CPU
		{923D6DDC-3C01-4510-A6C3-E711CA30333C}.Debug|Any CPU.Build.0 = Debug|Any CPU
		{923D6DDC-3C01-4510-A6C3-E711CA30333C}.Release|Any CPU.ActiveCfg = Release|Any CPU
		{923D6DDC-3C01-4510-A6C3-E711CA30333C}.Release|Any CPU.Build.0 = Release|Any CPU
		{338D18E1-4F8C-4FB6-BDD9-C8B6120A4047}.Debug|Any CPU.ActiveCfg = Debug|Any CPU
		{338D18E1-4F8C-4FB6-BDD9-C8B6120A4047}.Debug|Any CPU.Build.0 = Debug|Any CPU
		{338D18E1-4F8C-4FB6-BDD9-C8B6120A4047}.Release|Any CPU.ActiveCfg = Release|Any CPU
		{338D18E1-4F8C-4FB6-BDD9-C8B6120A4047}.Release|Any CPU.Build.0 = Release|Any CPU
		{D701C617-72B2-4B67-B910-4A167C4290E0}.Debug|Any CPU.ActiveCfg = Debug|Any CPU
		{D701C617-72B2-4B67-B910-4A167C4290E0}.Debug|Any CPU.Build.0 = Debug|Any CPU
		{D701C617-72B2-4B67-B910-4A167C4290E0}.Release|Any CPU.ActiveCfg = Release|Any CPU
		{D701C617-72B2-4B67-B910-4A167C4290E0}.Release|Any CPU.Build.0 = Release|Any CPU
		{4AEEEE50-4E57-4CD2-A75D-19A6A24D7935}.Debug|Any CPU.ActiveCfg = Debug|Any CPU
		{4AEEEE50-4E57-4CD2-A75D-19A6A24D7935}.Debug|Any CPU.Build.0 = Debug|Any CPU
		{4AEEEE50-4E57-4CD2-A75D-19A6A24D7935}.Release|Any CPU.ActiveCfg = Release|Any CPU
		{4AEEEE50-4E57-4CD2-A75D-19A6A24D7935}.Release|Any CPU.Build.0 = Release|Any CPU
		{3C9802A3-2710-403D-B284-92C8756F2B66}.Debug|Any CPU.ActiveCfg = Debug|Any CPU
		{3C9802A3-2710-403D-B284-92C8756F2B66}.Debug|Any CPU.Build.0 = Debug|Any CPU
		{3C9802A3-2710-403D-B284-92C8756F2B66}.Release|Any CPU.ActiveCfg = Release|Any CPU
		{3C9802A3-2710-403D-B284-92C8756F2B66}.Release|Any CPU.Build.0 = Release|Any CPU
		{858CF700-8586-442C-8462-EEBD68970405}.Debug|Any CPU.ActiveCfg = Debug|Any CPU
		{858CF700-8586-442C-8462-EEBD68970405}.Debug|Any CPU.Build.0 = Debug|Any CPU
		{858CF700-8586-442C-8462-EEBD68970405}.Release|Any CPU.ActiveCfg = Release|Any CPU
		{858CF700-8586-442C-8462-EEBD68970405}.Release|Any CPU.Build.0 = Release|Any CPU
		{57F49B10-E374-4077-8723-22D9307BE504}.Debug|Any CPU.ActiveCfg = Debug|Any CPU
		{57F49B10-E374-4077-8723-22D9307BE504}.Debug|Any CPU.Build.0 = Debug|Any CPU
		{57F49B10-E374-4077-8723-22D9307BE504}.Release|Any CPU.ActiveCfg = Release|Any CPU
		{57F49B10-E374-4077-8723-22D9307BE504}.Release|Any CPU.Build.0 = Release|Any CPU
		{A48ADD9E-BB65-4467-9791-6E7C138CC08D}.Debug|Any CPU.ActiveCfg = Debug|Any CPU
		{A48ADD9E-BB65-4467-9791-6E7C138CC08D}.Debug|Any CPU.Build.0 = Debug|Any CPU
		{A48ADD9E-BB65-4467-9791-6E7C138CC08D}.Release|Any CPU.ActiveCfg = Release|Any CPU
		{A48ADD9E-BB65-4467-9791-6E7C138CC08D}.Release|Any CPU.Build.0 = Release|Any CPU
		{838C84E0-A715-4319-9479-0A961CF0E5E3}.Debug|Any CPU.ActiveCfg = Debug|Any CPU
		{838C84E0-A715-4319-9479-0A961CF0E5E3}.Debug|Any CPU.Build.0 = Debug|Any CPU
		{838C84E0-A715-4319-9479-0A961CF0E5E3}.Release|Any CPU.ActiveCfg = Release|Any CPU
		{838C84E0-A715-4319-9479-0A961CF0E5E3}.Release|Any CPU.Build.0 = Release|Any CPU
		{263377D8-ED74-4F85-8395-AB731ADA5F00}.Debug|Any CPU.ActiveCfg = Debug|Any CPU
		{263377D8-ED74-4F85-8395-AB731ADA5F00}.Debug|Any CPU.Build.0 = Debug|Any CPU
		{263377D8-ED74-4F85-8395-AB731ADA5F00}.Release|Any CPU.ActiveCfg = Release|Any CPU
		{263377D8-ED74-4F85-8395-AB731ADA5F00}.Release|Any CPU.Build.0 = Release|Any CPU
	EndGlobalSection
	GlobalSection(SolutionProperties) = preSolution
		HideSolutionNode = FALSE
	EndGlobalSection
	GlobalSection(ExtensibilityGlobals) = postSolution
		SolutionGuid = {FC459413-32D3-4FC6-8939-E83C377E89CD}
	EndGlobalSection
EndGlobal
